
Microsoft Visual Studio Solution File, Format Version 12.00
# Visual Studio Version 17
VisualStudioVersion = 17.10.35013.160
MinimumVisualStudioVersion = 10.0.40219.1
Project("{FAE04EC0-301F-11D3-BF4B-00C04F79EFBC}") = "mvc-api-test", "mvc-api-test\mvc-api-test.csproj", "{9126F007-1253-4206-9AE3-0F5721995864}"
EndProject
Global
	GlobalSection(SolutionConfigurationPlatforms) = preSolution
		Debug|Any CPU = Debug|Any CPU
		Release|Any CPU = Release|Any CPU
	EndGlobalSection
	GlobalSection(ProjectConfigurationPlatforms) = postSolution
		{9126F007-1253-4206-9AE3-0F5721995864}.Debug|Any CPU.ActiveCfg = Debug|Any CPU
		{9126F007-1253-4206-9AE3-0F5721995864}.Debug|Any CPU.Build.0 = Debug|Any CPU
		{9126F007-1253-4206-9AE3-0F5721995864}.Release|Any CPU.ActiveCfg = Release|Any CPU
		{9126F007-1253-4206-9AE3-0F5721995864}.Release|Any CPU.Build.0 = Release|Any CPU
	EndGlobalSection
	GlobalSection(SolutionProperties) = preSolution
		HideSolutionNode = FALSE
	EndGlobalSection
	GlobalSection(ExtensibilityGlobals) = postSolution
		SolutionGuid = {61A30E93-2E0F-4561-99D3-51D43B0FF32A}
	EndGlobalSection
EndGlobal
